
Microsoft Visual Studio Solution File, Format Version 12.00
# Visual Studio Version 17
VisualStudioVersion = 17.10.35013.160
MinimumVisualStudioVersion = 10.0.40219.1
Project("{FAE04EC0-301F-11D3-BF4B-00C04F79EFBC}") = "lec1WebSecurity", "lec1WebSecurity\lec1WebSecurity.csproj", "{F4A75EAB-22E6-4847-9FE2-9BE84A10D7DA}"
EndProject
Global
	GlobalSection(SolutionConfigurationPlatforms) = preSolution
		Debug|Any CPU = Debug|Any CPU
		Release|Any CPU = Release|Any CPU
	EndGlobalSection
	GlobalSection(ProjectConfigurationPlatforms) = postSolution
		{F4A75EAB-22E6-4847-9FE2-9BE84A10D7DA}.Debug|Any CPU.ActiveCfg = Debug|Any CPU
		{F4A75EAB-22E6-4847-9FE2-9BE84A10D7DA}.Debug|Any CPU.Build.0 = Debug|Any CPU
		{F4A75EAB-22E6-4847-9FE2-9BE84A10D7DA}.Release|Any CPU.ActiveCfg = Release|Any CPU
		{F4A75EAB-22E6-4847-9FE2-9BE84A10D7DA}.Release|Any CPU.Build.0 = Release|Any CPU
	EndGlobalSection
	GlobalSection(SolutionProperties) = preSolution
		HideSolutionNode = FALSE
	EndGlobalSection
	GlobalSection(ExtensibilityGlobals) = postSolution
		SolutionGuid = {AE9D0AA7-3C57-4FF6-9C33-3B37D4EFA9AE}
	EndGlobalSection
EndGlobal
